
Microsoft Visual Studio Solution File, Format Version 12.00
# Visual Studio Version 16
VisualStudioVersion = 16.0.32630.194
MinimumVisualStudioVersion = 10.0.40219.1
Project("{FAE04EC0-301F-11D3-BF4B-00C04F79EFBC}") = "WpfApp2", "WpfApp2\WpfApp2.csproj", "{04787D95-5648-4EDF-90C9-89D8D2DD2769}"
EndProject
Global
	GlobalSection(SolutionConfigurationPlatforms) = preSolution
		Debug|Any CPU = Debug|Any CPU
		Release|Any CPU = Release|Any CPU
	EndGlobalSection
	GlobalSection(ProjectConfigurationPlatforms) = postSolution
		{04787D95-5648-4EDF-90C9-89D8D2DD2769}.Debug|Any CPU.ActiveCfg = Debug|Any CPU
		{04787D95-5648-4EDF-90C9-89D8D2DD2769}.Debug|Any CPU.Build.0 = Debug|Any CPU
		{04787D95-5648-4EDF-90C9-89D8D2DD2769}.Release|Any CPU.ActiveCfg = Release|Any CPU
		{04787D95-5648-4EDF-90C9-89D8D2DD2769}.Release|Any CPU.Build.0 = Release|Any CPU
	EndGlobalSection
	GlobalSection(SolutionProperties) = preSolution
		HideSolutionNode = FALSE
	EndGlobalSection
	GlobalSection(ExtensibilityGlobals) = postSolution
		SolutionGuid = {57CD6A99-0446-47E8-A11B-CF3341B9C361}
	EndGlobalSection
EndGlobal
